
Microsoft Visual Studio Solution File, Format Version 12.00
# Visual Studio Version 16
VisualStudioVersion = 16.0.30002.166
MinimumVisualStudioVersion = 10.0.40219.1
Project("{FAE04EC0-301F-11D3-BF4B-00C04F79EFBC}") = "Belot", "Belot\Belot.csproj", "{3566CE01-FCC1-4AEA-A906-C7548B0CBB9E}"
EndProject
Global
	GlobalSection(SolutionConfigurationPlatforms) = preSolution
		Debug|Any CPU = Debug|Any CPU
		Release|Any CPU = Release|Any CPU
	EndGlobalSection
	GlobalSection(ProjectConfigurationPlatforms) = postSolution
		{3566CE01-FCC1-4AEA-A906-C7548B0CBB9E}.Debug|Any CPU.ActiveCfg = Debug|Any CPU
		{3566CE01-FCC1-4AEA-A906-C7548B0CBB9E}.Debug|Any CPU.Build.0 = Debug|Any CPU
		{3566CE01-FCC1-4AEA-A906-C7548B0CBB9E}.Release|Any CPU.ActiveCfg = Release|Any CPU
		{3566CE01-FCC1-4AEA-A906-C7548B0CBB9E}.Release|Any CPU.Build.0 = Release|Any CPU
	EndGlobalSection
	GlobalSection(SolutionProperties) = preSolution
		HideSolutionNode = FALSE
	EndGlobalSection
	GlobalSection(ExtensibilityGlobals) = postSolution
		SolutionGuid = {EA4E6B73-D22F-4076-9BD4-52506B887B4B}
	EndGlobalSection
EndGlobal
